<?xml version="1.0" encoding="utf-8"?>
<Project ToolsVersion="4.0" xmlns="http://schemas.microsoft.com/developer/msbuild/2003">
  <ItemGroup>
    <Filter Include="Source Files">
      <UniqueIdentifier>{4FC737F1-C7A5-4376-A066-2A32D752A2FF}</UniqueIdentifier>
      <Extensions>cpp;c;cc;cxx;c++;cppm;ixx;def;odl;idl;hpj;bat;asm;asmx</Extensions>
    </Filter>
    <Filter Include="Header Files">
      <UniqueIdentifier>{93995380-89BD-4b04-88EB-625FBE52EBFB}</UniqueIdentifier>
      <Extensions>h;hh;hpp;hxx;h++;hm;inl;inc;ipp;xsd</Extensions>
    </Filter>
    <Filter Include="Resource Files">
      <UniqueIdentifier>{67DA6AB6-F800-4c08-8B7A-83BB121AAD01}</UniqueIdentifier>
      <Extensions>rc;ico;cur;bmp;dlg;rc2;rct;bin;rgs;gif;jpg;jpeg;jpe;resx;tiff;tif;png;wav;mfcribbon-ms</Extensions>
    </Filter>
    <Filter Include="Header Files\Commented %28previous%29">
      <UniqueIdentifier>{174906e7-5baf-45ad-96bb-e59fba2eac6d}</UniqueIdentifier>
    </Filter>
    <Filter Include="Source Files\Comented %28previous%29">
      <UniqueIdentifier>{2dc03103-e58a-4b19-a86e-3f9e5eef4594}</UniqueIdentifier>
    </Filter>
  </ItemGroup>
  <ItemGroup>
    <ClCompile Include="Enemies.cpp">
      <Filter>Source Files</Filter>
    </ClCompile>
    <ClCompile Include="Loner.cpp">
      <Filter>Source Files</Filter>
    </ClCompile>
    <ClCompile Include="Rusher.cpp">
      <Filter>Source Files</Filter>
    </ClCompile>
    <ClCompile Include="Drone.cpp">
      <Filter>Source Files</Filter>
    </ClCompile>
    <ClCompile Include="Projectiles.cpp">
      <Filter>Source Files</Filter>
    </ClCompile>
    <ClCompile Include="Spaceship.cpp">
      <Filter>Source Files</Filter>
    </ClCompile>
    <ClCompile Include="Hazards.cpp">
      <Filter>Source Files</Filter>
    </ClCompile>
    <ClCompile Include="MetalAsteroid.cpp">
      <Filter>Source Files</Filter>
    </ClCompile>
    <ClCompile Include="StoneAsteroid.cpp">
      <Filter>Source Files</Filter>
    </ClCompile>
    <ClCompile Include="Companion.cpp">
      <Filter>Source Files</Filter>
    </ClCompile>
    <ClCompile Include="..\JetEngine\Enemy.cpp">
      <Filter>Source Files\Comented %28previous%29</Filter>
    </ClCompile>
    <ClCompile Include="..\JetEngine\Player.cpp">
      <Filter>Source Files\Comented %28previous%29</Filter>
    </ClCompile>
    <ClCompile Include="WeaponPowerUp.cpp">
      <Filter>Source Files</Filter>
    </ClCompile>
    <ClCompile Include="ShieldPowerUp.cpp">
      <Filter>Source Files</Filter>
    </ClCompile>
    <ClCompile Include="Background.cpp">
      <Filter>Source Files</Filter>
    </ClCompile>
    <ClCompile Include="..\JetEngine\Missile.cpp">
      <Filter>Source Files</Filter>
    </ClCompile>
    <ClCompile Include="Xenon Clone Game.cpp">
      <Filter>Source Files</Filter>
    </ClCompile>
  </ItemGroup>
  <ItemGroup>
    <ClInclude Include="Enemies.h">
      <Filter>Header Files</Filter>
    </ClInclude>
    <ClInclude Include="Loner.h">
      <Filter>Header Files</Filter>
    </ClInclude>
    <ClInclude Include="Rusher.h">
      <Filter>Header Files</Filter>
    </ClInclude>
    <ClInclude Include="Drone.h">
      <Filter>Header Files</Filter>
    </ClInclude>
    <ClInclude Include="Projectiles.h">
      <Filter>Header Files</Filter>
    </ClInclude>
    <ClInclude Include="Spaceship.h">
      <Filter>Header Files</Filter>
    </ClInclude>
    <ClInclude Include="Hazards.h">
      <Filter>Header Files</Filter>
    </ClInclude>
    <ClInclude Include="MetalAsteroid.h">
      <Filter>Header Files</Filter>
    </ClInclude>
    <ClInclude Include="StoneAsteroid.h">
      <Filter>Header Files</Filter>
    </ClInclude>
    <ClInclude Include="Companion.h">
      <Filter>Header Files</Filter>
    </ClInclude>
    <ClInclude Include="..\JetEngine\Player.h">
      <Filter>Header Files\Commented %28previous%29</Filter>
    </ClInclude>
    <ClInclude Include="..\JetEngine\Enemy.h">
      <Filter>Header Files\Commented %28previous%29</Filter>
    </ClInclude>
    <ClInclude Include="ShieldPowerUp.h">
      <Filter>Header Files</Filter>
    </ClInclude>
    <ClInclude Include="WeaponPowerUp.h">
      <Filter>Header Files</Filter>
    </ClInclude>
    <ClInclude Include="..\JetEngine\Missile.h">
      <Filter>Header Files</Filter>
    </ClInclude>
    <ClInclude Include="Background.h">
      <Filter>Header Files</Filter>
    </ClInclude>
  </ItemGroup>
  <ItemGroup>
    <None Include="ClassDiagram.cd" />
    <None Include="ClassDiagram1.cd" />
  </ItemGroup>
</Project>